
Microsoft Visual Studio Solution File, Format Version 12.00
# Visual Studio Version 16
VisualStudioVersion = 16.0.30907.101
MinimumVisualStudioVersion = 10.0.40219.1
Project("{FAE04EC0-301F-11D3-BF4B-00C04F79EFBC}") = "MvcTicariOtomasyon", "MvcTicariOtomasyon\MvcTicariOtomasyon.csproj", "{50C0292A-0151-4909-9019-455A7B80A0AE}"
EndProject
Global
	GlobalSection(SolutionConfigurationPlatforms) = preSolution
		Debug|Any CPU = Debug|Any CPU
		Release|Any CPU = Release|Any CPU
	EndGlobalSection
	GlobalSection(ProjectConfigurationPlatforms) = postSolution
		{50C0292A-0151-4909-9019-455A7B80A0AE}.Debug|Any CPU.ActiveCfg = Debug|Any CPU
		{50C0292A-0151-4909-9019-455A7B80A0AE}.Debug|Any CPU.Build.0 = Debug|Any CPU
		{50C0292A-0151-4909-9019-455A7B80A0AE}.Release|Any CPU.ActiveCfg = Release|Any CPU
		{50C0292A-0151-4909-9019-455A7B80A0AE}.Release|Any CPU.Build.0 = Release|Any CPU
	EndGlobalSection
	GlobalSection(SolutionProperties) = preSolution
		HideSolutionNode = FALSE
	EndGlobalSection
	GlobalSection(ExtensibilityGlobals) = postSolution
		SolutionGuid = {C7E299DF-610E-484A-8DED-5D6183B85372}
	EndGlobalSection
EndGlobal
